// !$*UTF8*$!
{
	archiveVersion = 1;
	classes = {
	};
	objectVersion = 50;
	objects = {

/* Begin PBXBuildFile section */
		FABD3A052233596000410FE9 /* AppDelegate.swift in Sources */ = {isa = PBXBuildFile; fileRef = FABD3A042233596000410FE9 /* AppDelegate.swift */; };
		FABD3A072233596000410FE9 /* ViewController.swift in Sources */ = {isa = PBXBuildFile; fileRef = FABD3A062233596000410FE9 /* ViewController.swift */; };
		FABD3A0A2233596000410FE9 /* Main.storyboard in Resources */ = {isa = PBXBuildFile; fileRef = FABD3A082233596000410FE9 /* Main.storyboard */; };
		FABD3A0C2233596100410FE9 /* Assets.xcassets in Resources */ = {isa = PBXBuildFile; fileRef = FABD3A0B2233596100410FE9 /* Assets.xcassets */; };
		FABD3A0F2233596100410FE9 /* LaunchScreen.storyboard in Resources */ = {isa = PBXBuildFile; fileRef = FABD3A0D2233596100410FE9 /* LaunchScreen.storyboard */; };
		FABD3A1A2233596200410FE9 /* swift_twoday_watchTests.swift in Sources */ = {isa = PBXBuildFile; fileRef = FABD3A192233596200410FE9 /* swift_twoday_watchTests.swift */; };
		FABD3A252233596200410FE9 /* swift_twoday_watchUITests.swift in Sources */ = {isa = PBXBuildFile; fileRef = FABD3A242233596200410FE9 /* swift_twoday_watchUITests.swift */; };
/* End PBXBuildFile section */

/* Begin PBXContainerItemProxy section */
		FABD3A162233596200410FE9 /* PBXContainerItemProxy */ = {
			isa = PBXContainerItemProxy;
			containerPortal = FABD39F92233596000410FE9 /* Project object */;
			proxyType = 1;
			remoteGlobalIDString = FABD3A002233596000410FE9;
			remoteInfo = "swift-twoday-watch";
		};
		FABD3A212233596200410FE9 /* PBXContainerItemProxy */ = {
			isa = PBXContainerItemProxy;
			containerPortal = FABD39F92233596000410FE9 /* Project object */;
			proxyType = 1;
			remoteGlobalIDString = FABD3A002233596000410FE9;
			remoteInfo = "swift-twoday-watch";
		};
/* End PBXContainerItemProxy section */

/* Begin PBXFileReference section */
		FABD3A012233596000410FE9 /* swift-twoday-watch.app */ = {isa = PBXFileReference; explicitFileType = wrapper.application; includeInIndex = 0; path = "swift-twoday-watch.app"; sourceTree = BUILT_PRODUCTS_DIR; };
		FABD3A042233596000410FE9 /* AppDelegate.swift */ = {isa = PBXFileReference; lastKnownFileType = sourcecode.swift; path = AppDelegate.swift; sourceTree = "<group>"; };
		FABD3A062233596000410FE9 /* ViewController.swift */ = {isa = PBXFileReference; lastKnownFileType = sourcecode.swift; path = ViewController.swift; sourceTree = "<group>"; };
		FABD3A092233596000410FE9 /* Base */ = {isa = PBXFileReference; lastKnownFileType = file.storyboard; name = Base; path = Base.lproj/Main.storyboard; sourceTree = "<group>"; };
		FABD3A0B2233596100410FE9 /* Assets.xcassets */ = {isa = PBXFileReference; lastKnownFileType = folder.assetcatalog; path = Assets.xcassets; sourceTree = "<group>"; };
		FABD3A0E2233596100410FE9 /* Base */ = {isa = PBXFileReference; lastKnownFileType = file.storyboard; name = Base; path = Base.lproj/LaunchScreen.storyboard; sourceTree = "<group>"; };
		FABD3A102233596100410FE9 /* Info.plist */ = {isa = PBXFileReference; lastKnownFileType = text.plist.xml; path = Info.plist; sourceTree = "<group>"; };
		FABD3A152233596200410FE9 /* swift-twoday-watchTests.xctest */ = {isa = PBXFileReference; explicitFileType = wrapper.cfbundle; includeInIndex = 0; path = "swift-twoday-watchTests.xctest"; sourceTree = BUILT_PRODUCTS_DIR; };
		FABD3A192233596200410FE9 /* swift_twoday_watchTests.swift */ = {isa = PBXFileReference; lastKnownFileType = sourcecode.swift; path = swift_twoday_watchTests.swift; sourceTree = "<group>"; };
		FABD3A1B2233596200410FE9 /* Info.plist */ = {isa = PBXFileReference; lastKnownFileType = text.plist.xml; path = Info.plist; sourceTree = "<group>"; };
		FABD3A202233596200410FE9 /* swift-twoday-watchUITests.xctest */ = {isa = PBXFileReference; explicitFileType = wrapper.cfbundle; includeInIndex = 0; path = "swift-twoday-watchUITests.xctest"; sourceTree = BUILT_PRODUCTS_DIR; };
		FABD3A242233596200410FE9 /* swift_twoday_watchUITests.swift */ = {isa = PBXFileReference; lastKnownFileType = sourcecode.swift; path = swift_twoday_watchUITests.swift; sourceTree = "<group>"; };
		FABD3A262233596200410FE9 /* Info.plist */ = {isa = PBXFileReference; lastKnownFileType = text.plist.xml; path = Info.plist; sourceTree = "<group>"; };
/* End PBXFileReference section */

/* Begin PBXFrameworksBuildPhase section */
		FABD39FE2233596000410FE9 /* Frameworks */ = {
			isa = PBXFrameworksBuildPhase;
			buildActionMask = 2147483647;
			files = (
			);
			runOnlyForDeploymentPostprocessing = 0;
		};
		FABD3A122233596200410FE9 /* Frameworks */ = {
			isa = PBXFrameworksBuildPhase;
			buildActionMask = 2147483647;
			files = (
			);
			runOnlyForDeploymentPostprocessing = 0;
		};
		FABD3A1D2233596200410FE9 /* Frameworks */ = {
			isa = PBXFrameworksBuildPhase;
			buildActionMask = 2147483647;
			files = (
			);
			runOnlyForDeploymentPostprocessing = 0;
		};
/* End PBXFrameworksBuildPhase section */

/* Begin PBXGroup section */
		FABD39F82233596000410FE9 = {
			isa = PBXGroup;
			children = (
				FABD3A032233596000410FE9 /* swift-twoday-watch */,
				FABD3A182233596200410FE9 /* swift-twoday-watchTests */,
				FABD3A232233596200410FE9 /* swift-twoday-watchUITests */,
				FABD3A022233596000410FE9 /* Products */,
			);
			sourceTree = "<group>";
		};
		FABD3A022233596000410FE9 /* Products */ = {
			isa = PBXGroup;
			children = (
				FABD3A012233596000410FE9 /* swift-twoday-watch.app */,
				FABD3A152233596200410FE9 /* swift-twoday-watchTests.xctest */,
				FABD3A202233596200410FE9 /* swift-twoday-watchUITests.xctest */,
			);
			name = Products;
			sourceTree = "<group>";
		};
		FABD3A032233596000410FE9 /* swift-twoday-watch */ = {
			isa = PBXGroup;
			children = (
				FABD3A042233596000410FE9 /* AppDelegate.swift */,
				FABD3A062233596000410FE9 /* ViewController.swift */,
				FABD3A082233596000410FE9 /* Main.storyboard */,
				FABD3A0B2233596100410FE9 /* Assets.xcassets */,
				FABD3A0D2233596100410FE9 /* LaunchScreen.storyboard */,
				FABD3A102233596100410FE9 /* Info.plist */,
			);
			path = "swift-twoday-watch";
			sourceTree = "<group>";
		};
		FABD3A182233596200410FE9 /* swift-twoday-watchTests */ = {
			isa = PBXGroup;
			children = (
				FABD3A192233596200410FE9 /* swift_twoday_watchTests.swift */,
				FABD3A1B2233596200410FE9 /* Info.plist */,
			);
			path = "swift-twoday-watchTests";
			sourceTree = "<group>";
		};
		FABD3A232233596200410FE9 /* swift-twoday-watchUITests */ = {
			isa = PBXGroup;
			children = (
				FABD3A242233596200410FE9 /* swift_twoday_watchUITests.swift */,
				FABD3A262233596200410FE9 /* Info.plist */,
			);
			path = "swift-twoday-watchUITests";
			sourceTree = "<group>";
		};
/* End PBXGroup section */

/* Begin PBXNativeTarget section */
		FABD3A002233596000410FE9 /* swift-twoday-watch */ = {
			isa = PBXNativeTarget;
			buildConfigurationList = FABD3A292233596200410FE9 /* Build configuration list for PBXNativeTarget "swift-twoday-watch" */;
			buildPhases = (
				FABD39FD2233596000410FE9 /* Sources */,
				FABD39FE2233596000410FE9 /* Frameworks */,
				FABD39FF2233596000410FE9 /* Resources */,
			);
			buildRules = (
			);
			dependencies = (
			);
			name = "swift-twoday-watch";
			productName = "swift-twoday-watch";
			productReference = FABD3A012233596000410FE9 /* swift-twoday-watch.app */;
			productType = "com.apple.product-type.application";
		};
		FABD3A142233596200410FE9 /* swift-twoday-watchTests */ = {
			isa = PBXNativeTarget;
			buildConfigurationList = FABD3A2C2233596200410FE9 /* Build configuration list for PBXNativeTarget "swift-twoday-watchTests" */;
			buildPhases = (
				FABD3A112233596200410FE9 /* Sources */,
				FABD3A122233596200410FE9 /* Frameworks */,
				FABD3A132233596200410FE9 /* Resources */,
			);
			buildRules = (
			);
			dependencies = (
				FABD3A172233596200410FE9 /* PBXTargetDependency */,
			);
			name = "swift-twoday-watchTests";
			productName = "swift-twoday-watchTests";
			productReference = FABD3A152233596200410FE9 /* swift-twoday-watchTests.xctest */;
			productType = "com.apple.product-type.bundle.unit-test";
		};
		FABD3A1F2233596200410FE9 /* swift-twoday-watchUITests */ = {
			isa = PBXNativeTarget;
			buildConfigurationList = FABD3A2F2233596200410FE9 /* Build configuration list for PBXNativeTarget "swift-twoday-watchUITests" */;
			buildPhases = (
				FABD3A1C2233596200410FE9 /* Sources */,
				FABD3A1D2233596200410FE9 /* Frameworks */,
				FABD3A1E2233596200410FE9 /* Resources */,
			);
			buildRules = (
			);
			dependencies = (
				FABD3A222233596200410FE9 /* PBXTargetDependency */,
			);
			name = "swift-twoday-watchUITests";
			productName = "swift-twoday-watchUITests";
			productReference = FABD3A202233596200410FE9 /* swift-twoday-watchUITests.xctest */;
			productType = "com.apple.product-type.bundle.ui-testing";
		};
/* End PBXNativeTarget section */

/* Begin PBXProject section */
		FABD39F92233596000410FE9 /* Project object */ = {
			isa = PBXProject;
			attributes = {
				LastSwiftUpdateCheck = 1010;
				LastUpgradeCheck = 1010;
				ORGANIZATIONNAME = MacBookPro;
				TargetAttributes = {
					FABD3A002233596000410FE9 = {
						CreatedOnToolsVersion = 10.1;
					};
					FABD3A142233596200410FE9 = {
						CreatedOnToolsVersion = 10.1;
						TestTargetID = FABD3A002233596000410FE9;
					};
					FABD3A1F2233596200410FE9 = {
						CreatedOnToolsVersion = 10.1;
						TestTargetID = FABD3A002233596000410FE9;
					};
				};
			};
			buildConfigurationList = FABD39FC2233596000410FE9 /* Build configuration list for PBXProject "swift-twoday-watch" */;
			compatibilityVersion = "Xcode 9.3";
			developmentRegion = en;
			hasScannedForEncodings = 0;
			knownRegions = (
				en,
				Base,
			);
			mainGroup = FABD39F82233596000410FE9;
			productRefGroup = FABD3A022233596000410FE9 /* Products */;
			projectDirPath = "";
			projectRoot = "";
			targets = (
				FABD3A002233596000410FE9 /* swift-twoday-watch */,
				FABD3A142233596200410FE9 /* swift-twoday-watchTests */,
				FABD3A1F2233596200410FE9 /* swift-twoday-watchUITests */,
			);
		};
/* End PBXProject section */

/* Begin PBXResourcesBuildPhase section */
		FABD39FF2233596000410FE9 /* Resources */ = {
			isa = PBXResourcesBuildPhase;
			buildActionMask = 2147483647;
			files = (
				FABD3A0F2233596100410FE9 /* LaunchScreen.storyboard in Resources */,
				FABD3A0C2233596100410FE9 /* Assets.xcassets in Resources */,
				FABD3A0A2233596000410FE9 /* Main.storyboard in Resources */,
			);
			runOnlyForDeploymentPostprocessing = 0;
		};
		FABD3A132233596200410FE9 /* Resources */ = {
			isa = PBXResourcesBuildPhase;
			buildActionMask = 2147483647;
			files = (
			);
			runOnlyForDeploymentPostprocessing = 0;
		};
		FABD3A1E2233596200410FE9 /* Resources */ = {
			isa = PBXResourcesBuildPhase;
			buildActionMask = 2147483647;
			files = (
			);
			runOnlyForDeploymentPostprocessing = 0;
		};
/* End PBXResourcesBuildPhase section */

/* Begin PBXSourcesBuildPhase section */
		FABD39FD2233596000410FE9 /* Sources */ = {
			isa = PBXSourcesBuildPhase;
			buildActionMask = 2147483647;
			files = (
				FABD3A072233596000410FE9 /* ViewController.swift in Sources */,
				FABD3A052233596000410FE9 /* AppDelegate.swift in Sources */,
			);
			runOnlyForDeploymentPostprocessing = 0;
		};
		FABD3A112233596200410FE9 /* Sources */ = {
			isa = PBXSourcesBuildPhase;
			buildActionMask = 2147483647;
			files = (
				FABD3A1A2233596200410FE9 /* swift_twoday_watchTests.swift in Sources */,
			);
			runOnlyForDeploymentPostprocessing = 0;
		};
		FABD3A1C2233596200410FE9 /* Sources */ = {
			isa = PBXSourcesBuildPhase;
			buildActionMask = 2147483647;
			files = (
				FABD3A252233596200410FE9 /* swift_twoday_watchUITests.swift in Sources */,
			);
			runOnlyForDeploymentPostprocessing = 0;
		};
/* End PBXSourcesBuildPhase section */

/* Begin PBXTargetDependency section */
		FABD3A172233596200410FE9 /* PBXTargetDependency */ = {
			isa = PBXTargetDependency;
			target = FABD3A002233596000410FE9 /* swift-twoday-watch */;
			targetProxy = FABD3A162233596200410FE9 /* PBXContainerItemProxy */;
		};
		FABD3A222233596200410FE9 /* PBXTargetDependency */ = {
			isa = PBXTargetDependency;
			target = FABD3A002233596000410FE9 /* swift-twoday-watch */;
			targetProxy = FABD3A212233596200410FE9 /* PBXContainerItemProxy */;
		};
/* End PBXTargetDependency section */

/* Begin PBXVariantGroup section */
		FABD3A082233596000410FE9 /* Main.storyboard */ = {
			isa = PBXVariantGroup;
			children = (
				FABD3A092233596000410FE9 /* Base */,
			);
			name = Main.storyboard;
			sourceTree = "<group>";
		};
		FABD3A0D2233596100410FE9 /* LaunchScreen.storyboard */ = {
			isa = PBXVariantGroup;
			children = (
				FABD3A0E2233596100410FE9 /* Base */,
			);
			name = LaunchScreen.storyboard;
			sourceTree = "<group>";
		};
/* End PBXVariantGroup section */

/* Begin XCBuildConfiguration section */
		FABD3A272233596200410FE9 /* Debug */ = {
			isa = XCBuildConfiguration;
			buildSettings = {
				ALWAYS_SEARCH_USER_PATHS = NO;
				CLANG_ANALYZER_NONNULL = YES;
				CLANG_ANALYZER_NUMBER_OBJECT_CONVERSION = YES_AGGRESSIVE;
				CLANG_CXX_LANGUAGE_STANDARD = "gnu++14";
				CLANG_CXX_LIBRARY = "libc++";
				CLANG_ENABLE_MODULES = YES;
				CLANG_ENABLE_OBJC_ARC = YES;
				CLANG_ENABLE_OBJC_WEAK = YES;
				CLANG_WARN_BLOCK_CAPTURE_AUTORELEASING = YES;
				CLANG_WARN_BOOL_CONVERSION = YES;
				CLANG_WARN_COMMA = YES;
				CLANG_WARN_CONSTANT_CONVERSION = YES;
				CLANG_WARN_DEPRECATED_OBJC_IMPLEMENTATIONS = YES;
				CLANG_WARN_DIRECT_OBJC_ISA_USAGE = YES_ERROR;
				CLANG_WARN_DOCUMENTATION_COMMENTS = YES;
				CLANG_WARN_EMPTY_BODY = YES;
				CLANG_WARN_ENUM_CONVERSION = YES;
				CLANG_WARN_INFINITE_RECURSION = YES;
				CLANG_WARN_INT_CONVERSION = YES;
				CLANG_WARN_NON_LITERAL_NULL_CONVERSION = YES;
				CLANG_WARN_OBJC_IMPLICIT_RETAIN_SELF = YES;
				CLANG_WARN_OBJC_LITERAL_CONVERSION = YES;
				CLANG_WARN_OBJC_ROOT_CLASS = YES_ERROR;
				CLANG_WARN_RANGE_LOOP_ANALYSIS = YES;
				CLANG_WARN_STRICT_PROTOTYPES = YES;
				CLANG_WARN_SUSPICIOUS_MOVE = YES;
				CLANG_WARN_UNGUARDED_AVAILABILITY = YES_AGGRESSIVE;
				CLANG_WARN_UNREACHABLE_CODE = YES;
				CLANG_WARN__DUPLICATE_METHOD_MATCH = YES;
				CODE_SIGN_IDENTITY = "iPhone Developer";
				COPY_PHASE_STRIP = NO;
				DEBUG_INFORMATION_FORMAT = dwarf;
				ENABLE_STRICT_OBJC_MSGSEND = YES;
				ENABLE_TESTABILITY = YES;
				GCC_C_LANGUAGE_STANDARD = gnu11;
				GCC_DYNAMIC_NO_PIC = NO;
				GCC_NO_COMMON_BLOCKS = YES;
				GCC_OPTIMIZATION_LEVEL = 0;
				GCC_PREPROCESSOR_DEFINITIONS = (
					"DEBUG=1",
					"$(inherited)",
				);
				GCC_WARN_64_TO_32_BIT_CONVERSION = YES;
				GCC_WARN_ABOUT_RETURN_TYPE = YES_ERROR;
				GCC_WARN_UNDECLARED_SELECTOR = YES;
				GCC_WARN_UNINITIALIZED_AUTOS = YES_AGGRESSIVE;
				GCC_WARN_UNUSED_FUNCTION = YES;
				GCC_WARN_UNUSED_VARIABLE = YES;
				IPHONEOS_DEPLOYMENT_TARGET = 12.1;
				MTL_ENABLE_DEBUG_INFO = INCLUDE_SOURCE;
				MTL_FAST_MATH = YES;
				ONLY_ACTIVE_ARCH = YES;
				SDKROOT = iphoneos;
				SWIFT_ACTIVE_COMPILATION_CONDITIONS = DEBUG;
				SWIFT_OPTIMIZATION_LEVEL = "-Onone";
			};
			name = Debug;
		};
		FABD3A282233596200410FE9 /* Release */ = {
			isa = XCBuildConfiguration;
			buildSettings = {
				ALWAYS_SEARCH_USER_PATHS = NO;
				CLANG_ANALYZER_NONNULL = YES;
				CLANG_ANALYZER_NUMBER_OBJECT_CONVERSION = YES_AGGRESSIVE;
				CLANG_CXX_LANGUAGE_STANDARD = "gnu++14";
				CLANG_CXX_LIBRARY = "libc++";
				CLANG_ENABLE_MODULES = YES;
				CLANG_ENABLE_OBJC_ARC = YES;
				CLANG_ENABLE_OBJC_WEAK = YES;
				CLANG_WARN_BLOCK_CAPTURE_AUTORELEASING = YES;
				CLANG_WARN_BOOL_CONVERSION = YES;
				CLANG_WARN_COMMA = YES;
				CLANG_WARN_CONSTANT_CONVERSION = YES;
				CLANG_WARN_DEPRECATED_OBJC_IMPLEMENTATIONS = YES;
				CLANG_WARN_DIRECT_OBJC_ISA_USAGE = YES_ERROR;
				CLANG_WARN_DOCUMENTATION_COMMENTS = YES;
				CLANG_WARN_EMPTY_BODY = YES;
				CLANG_WARN_ENUM_CONVERSION = YES;
				CLANG_WARN_INFINITE_RECURSION = YES;
				CLANG_WARN_INT_CONVERSION = YES;
				CLANG_WARN_NON_LITERAL_NULL_CONVERSION = YES;
				CLANG_WARN_OBJC_IMPLICIT_RETAIN_SELF = YES;
				CLANG_WARN_OBJC_LITERAL_CONVERSION = YES;
				CLANG_WARN_OBJC_ROOT_CLASS = YES_ERROR;
				CLANG_WARN_RANGE_LOOP_ANALYSIS = YES;
				CLANG_WARN_STRICT_PROTOTYPES = YES;
				CLANG_WARN_SUSPICIOUS_MOVE = YES;
				CLANG_WARN_UNGUARDED_AVAILABILITY = YES_AGGRESSIVE;
				CLANG_WARN_UNREACHABLE_CODE = YES;
				CLANG_WARN__DUPLICATE_METHOD_MATCH = YES;
				CODE_SIGN_IDENTITY = "iPhone Developer";
				COPY_PHASE_STRIP = NO;
				DEBUG_INFORMATION_FORMAT = "dwarf-with-dsym";
				ENABLE_NS_ASSERTIONS = NO;
				ENABLE_STRICT_OBJC_MSGSEND = YES;
				GCC_C_LANGUAGE_STANDARD = gnu11;
				GCC_NO_COMMON_BLOCKS = YES;
				GCC_WARN_64_TO_32_BIT_CONVERSION = YES;
				GCC_WARN_ABOUT_RETURN_TYPE = YES_ERROR;
				GCC_WARN_UNDECLARED_SELECTOR = YES;
				GCC_WARN_UNINITIALIZED_AUTOS = YES_AGGRESSIVE;
				GCC_WARN_UNUSED_FUNCTION = YES;
				GCC_WARN_UNUSED_VARIABLE = YES;
				IPHONEOS_DEPLOYMENT_TARGET = 12.1;
				MTL_ENABLE_DEBUG_INFO = NO;
				MTL_FAST_MATH = YES;
				SDKROOT = iphoneos;
				SWIFT_COMPILATION_MODE = wholemodule;
				SWIFT_OPTIMIZATION_LEVEL = "-O";
				VALIDATE_PRODUCT = YES;
			};
			name = Release;
		};
		FABD3A2A2233596200410FE9 /* Debug */ = {
			isa = XCBuildConfiguration;
			buildSettings = {
				ASSETCATALOG_COMPILER_APPICON_NAME = AppIcon;
				CODE_SIGN_STYLE = Automatic;
				DEVELOPMENT_TEAM = 9G4QXL6SA6;
				INFOPLIST_FILE = "swift-twoday-watch/Info.plist";
				LD_RUNPATH_SEARCH_PATHS = (
					"$(inherited)",
					"@executable_path/Frameworks",
				);
				PRODUCT_BUNDLE_IDENTIFIER = "com.qingyutong.swift-twoday-watch";
				PRODUCT_NAME = "$(TARGET_NAME)";
				SWIFT_VERSION = 4.2;
				TARGETED_DEVICE_FAMILY = "1,2";
			};
			name = Debug;
		};
		FABD3A2B2233596200410FE9 /* Release */ = {
			isa = XCBuildConfiguration;
			buildSettings = {
				ASSETCATALOG_COMPILER_APPICON_NAME = AppIcon;
				CODE_SIGN_STYLE = Automatic;
				DEVELOPMENT_TEAM = 9G4QXL6SA6;
				INFOPLIST_FILE = "swift-twoday-watch/Info.plist";
				LD_RUNPATH_SEARCH_PATHS = (
					"$(inherited)",
					"@executable_path/Frameworks",
				);
				PRODUCT_BUNDLE_IDENTIFIER = "com.qingyutong.swift-twoday-watch";
				PRODUCT_NAME = "$(TARGET_NAME)";
				SWIFT_VERSION = 4.2;
				TARGETED_DEVICE_FAMILY = "1,2";
			};
			name = Release;
		};
		FABD3A2D2233596200410FE9 /* Debug */ = {
			isa = XCBuildConfiguration;
			buildSettings = {
				ALWAYS_EMBED_SWIFT_STANDARD_LIBRARIES = YES;
				BUNDLE_LOADER = "$(TEST_HOST)";
				CODE_SIGN_STYLE = Automatic;
				DEVELOPMENT_TEAM = 9G4QXL6SA6;
				INFOPLIST_FILE = "swift-twoday-watchTests/Info.plist";
				LD_RUNPATH_SEARCH_PATHS = (
					"$(inherited)",
					"@executable_path/Frameworks",
					"@loader_path/Frameworks",
				);
				PRODUCT_BUNDLE_IDENTIFIER = "com.qingyutong.swift-twoday-watchTests";
				PRODUCT_NAME = "$(TARGET_NAME)";
				SWIFT_VERSION = 4.2;
				TARGETED_DEVICE_FAMILY = "1,2";
				TEST_HOST = "$(BUILT_PRODUCTS_DIR)/swift-twoday-watch.app/swift-twoday-watch";
			};
			name = Debug;
		};
		FABD3A2E2233596200410FE9 /* Release */ = {
			isa = XCBuildConfiguration;
			buildSettings = {
				ALWAYS_EMBED_SWIFT_STANDARD_LIBRARIES = YES;
				BUNDLE_LOADER = "$(TEST_HOST)";
				CODE_SIGN_STYLE = Automatic;
				DEVELOPMENT_TEAM = 9G4QXL6SA6;
				INFOPLIST_FILE = "swift-twoday-watchTests/Info.plist";
				LD_RUNPATH_SEARCH_PATHS = (
					"$(inherited)",
					"@executable_path/Frameworks",
					"@loader_path/Frameworks",
				);
				PRODUCT_BUNDLE_IDENTIFIER = "com.qingyutong.swift-twoday-watchTests";
				PRODUCT_NAME = "$(TARGET_NAME)";
				SWIFT_VERSION = 4.2;
				TARGETED_DEVICE_FAMILY = "1,2";
				TEST_HOST = "$(BUILT_PRODUCTS_DIR)/swift-twoday-watch.app/swift-twoday-watch";
			};
			name = Release;
		};
		FABD3A302233596200410FE9 /* Debug */ = {
			isa = XCBuildConfiguration;
			buildSettings = {
				ALWAYS_EMBED_SWIFT_STANDARD_LIBRARIES = YES;
				CODE_SIGN_STYLE = Automatic;
				DEVELOPMENT_TEAM = 9G4QXL6SA6;
				INFOPLIST_FILE = "swift-twoday-watchUITests/Info.plist";
				LD_RUNPATH_SEARCH_PATHS = (
					"$(inherited)",
					"@executable_path/Frameworks",
					"@loader_path/Frameworks",
				);
				PRODUCT_BUNDLE_IDENTIFIER = "com.qingyutong.swift-twoday-watchUITests";
				PRODUCT_NAME = "$(TARGET_NAME)";
				SWIFT_VERSION = 4.2;
				TARGETED_DEVICE_FAMILY = "1,2";
				TEST_TARGET_NAME = "swift-twoday-watch";
			};
			name = Debug;
		};
		FABD3A312233596200410FE9 /* Release */ = {
			isa = XCBuildConfiguration;
			buildSettings = {
				ALWAYS_EMBED_SWIFT_STANDARD_LIBRARIES = YES;
				CODE_SIGN_STYLE = Automatic;
				DEVELOPMENT_TEAM = 9G4QXL6SA6;
				INFOPLIST_FILE = "swift-twoday-watchUITests/Info.plist";
				LD_RUNPATH_SEARCH_PATHS = (
					"$(inherited)",
					"@executable_path/Frameworks",
					"@loader_path/Frameworks",
				);
				PRODUCT_BUNDLE_IDENTIFIER = "com.qingyutong.swift-twoday-watchUITests";
				PRODUCT_NAME = "$(TARGET_NAME)";
				SWIFT_VERSION = 4.2;
				TARGETED_DEVICE_FAMILY = "1,2";
				TEST_TARGET_NAME = "swift-twoday-watch";
			};
			name = Release;
		};
/* End XCBuildConfiguration section */

/* Begin XCConfigurationList section */
		FABD39FC2233596000410FE9 /* Build configuration list for PBXProject "swift-twoday-watch" */ = {
			isa = XCConfigurationList;
			buildConfigurations = (
				FABD3A272233596200410FE9 /* Debug */,
				FABD3A282233596200410FE9 /* Release */,
			);
			defaultConfigurationIsVisible = 0;
			defaultConfigurationName = Release;
		};
		FABD3A292233596200410FE9 /* Build configuration list for PBXNativeTarget "swift-twoday-watch" */ = {
			isa = XCConfigurationList;
			buildConfigurations = (
				FABD3A2A2233596200410FE9 /* Debug */,
				FABD3A2B2233596200410FE9 /* Release */,
			);
			defaultConfigurationIsVisible = 0;
			defaultConfigurationName = Release;
		};
		FABD3A2C2233596200410FE9 /* Build configuration list for PBXNativeTarget "swift-twoday-watchTests" */ = {
			isa = XCConfigurationList;
			buildConfigurations = (
				FABD3A2D2233596200410FE9 /* Debug */,
				FABD3A2E2233596200410FE9 /* Release */,
			);
			defaultConfigurationIsVisible = 0;
			defaultConfigurationName = Release;
		};
		FABD3A2F2233596200410FE9 /* Build configuration list for PBXNativeTarget "swift-twoday-watchUITests" */ = {
			isa = XCConfigurationList;
			buildConfigurations = (
				FABD3A302233596200410FE9 /* Debug */,
				FABD3A312233596200410FE9 /* Release */,
			);
			defaultConfigurationIsVisible = 0;
			defaultConfigurationName = Release;
		};
/* End XCConfigurationList section */
	};
	rootObject = FABD39F92233596000410FE9 /* Project object */;
}
